// !$*UTF8*$!
{
	archiveVersion = 1;
	classes = {
	};
	objectVersion = 48;
	objects = {

/* Begin PBXBuildFile section */
		7598EC0A207E0E0A004B59F5 /* main.cpp in Sources */ = {isa = PBXBuildFile; fileRef = 7598EC09207E0E0A004B59F5 /* main.cpp */; };
/* End PBXBuildFile section */

/* Begin PBXCopyFilesBuildPhase section */
		7598EC04207E0E0A004B59F5 /* CopyFiles */ = {
			isa = PBXCopyFilesBuildPhase;
			buildActionMask = 2147483647;
			dstPath = /usr/share/man/man1/;
			dstSubfolderSpec = 0;
			files = (
			);
			runOnlyForDeploymentPostprocessing = 1;
		};
/* End PBXCopyFilesBuildPhase section */

/* Begin PBXFileReference section */
		7598EC06207E0E0A004B59F5 /* OOP_lab_2 */ = {isa = PBXFileReference; explicitFileType = "compiled.mach-o.executable"; includeInIndex = 0; path = OOP_lab_2; sourceTree = BUILT_PRODUCTS_DIR; };
		7598EC09207E0E0A004B59F5 /* main.cpp */ = {isa = PBXFileReference; lastKnownFileType = sourcecode.cpp.cpp; path = main.cpp; sourceTree = "<group>"; };
		7598EC11207E0F6B004B59F5 /* list_item.h */ = {isa = PBXFileReference; lastKnownFileType = sourcecode.c.h; path = list_item.h; sourceTree = "<group>"; };
		7598EC12207E1073004B59F5 /* _list_item.h */ = {isa = PBXFileReference; lastKnownFileType = sourcecode.c.h; path = _list_item.h; sourceTree = "<group>"; };
		7598EC13207E2D92004B59F5 /* list.h */ = {isa = PBXFileReference; lastKnownFileType = sourcecode.c.h; path = list.h; sourceTree = "<group>"; };
		7598EC14207E3300004B59F5 /* _list.h */ = {isa = PBXFileReference; lastKnownFileType = sourcecode.c.h; path = _list.h; sourceTree = "<group>"; };
		7598EC15207E7A11004B59F5 /* list_iterator.h */ = {isa = PBXFileReference; lastKnownFileType = sourcecode.c.h; path = list_iterator.h; sourceTree = "<group>"; };
		7598EC16207E7AA5004B59F5 /* _list_iterator.h */ = {isa = PBXFileReference; lastKnownFileType = sourcecode.c.h; path = _list_iterator.h; sourceTree = "<group>"; };
		7598EC17207FA9F9004B59F5 /* errors.h */ = {isa = PBXFileReference; lastKnownFileType = sourcecode.c.h; path = errors.h; sourceTree = "<group>"; };
/* End PBXFileReference section */

/* Begin PBXFrameworksBuildPhase section */
		7598EC03207E0E0A004B59F5 /* Frameworks */ = {
			isa = PBXFrameworksBuildPhase;
			buildActionMask = 2147483647;
			files = (
			);
			runOnlyForDeploymentPostprocessing = 0;
		};
/* End PBXFrameworksBuildPhase section */

/* Begin PBXGroup section */
		7598EBFD207E0E0A004B59F5 = {
			isa = PBXGroup;
			children = (
				7598EC08207E0E0A004B59F5 /* OOP_lab_2 */,
				7598EC07207E0E0A004B59F5 /* Products */,
			);
			sourceTree = "<group>";
		};
		7598EC07207E0E0A004B59F5 /* Products */ = {
			isa = PBXGroup;
			children = (
				7598EC06207E0E0A004B59F5 /* OOP_lab_2 */,
			);
			name = Products;
			sourceTree = "<group>";
		};
		7598EC08207E0E0A004B59F5 /* OOP_lab_2 */ = {
			isa = PBXGroup;
			children = (
				7598EC17207FA9F9004B59F5 /* errors.h */,
				7598EC16207E7AA5004B59F5 /* _list_iterator.h */,
				7598EC14207E3300004B59F5 /* _list.h */,
				7598EC12207E1073004B59F5 /* _list_item.h */,
				7598EC15207E7A11004B59F5 /* list_iterator.h */,
				7598EC13207E2D92004B59F5 /* list.h */,
				7598EC11207E0F6B004B59F5 /* list_item.h */,
				7598EC09207E0E0A004B59F5 /* main.cpp */,
			);
			path = OOP_lab_2;
			sourceTree = "<group>";
		};
/* End PBXGroup section */

/* Begin PBXNativeTarget section */
		7598EC05207E0E0A004B59F5 /* OOP_lab_2 */ = {
			isa = PBXNativeTarget;
			buildConfigurationList = 7598EC0D207E0E0A004B59F5 /* Build configuration list for PBXNativeTarget "OOP_lab_2" */;
			buildPhases = (
				7598EC02207E0E0A004B59F5 /* Sources */,
				7598EC03207E0E0A004B59F5 /* Frameworks */,
				7598EC04207E0E0A004B59F5 /* CopyFiles */,
			);
			buildRules = (
			);
			dependencies = (
			);
			name = OOP_lab_2;
			productName = OOP_lab_2;
			productReference = 7598EC06207E0E0A004B59F5 /* OOP_lab_2 */;
			productType = "com.apple.product-type.tool";
		};
/* End PBXNativeTarget section */

/* Begin PBXProject section */
		7598EBFE207E0E0A004B59F5 /* Project object */ = {
			isa = PBXProject;
			attributes = {
				LastUpgradeCheck = 0920;
				TargetAttributes = {
					7598EC05207E0E0A004B59F5 = {
						CreatedOnToolsVersion = 9.2;
						ProvisioningStyle = Automatic;
					};
				};
			};
			buildConfigurationList = 7598EC01207E0E0A004B59F5 /* Build configuration list for PBXProject "OOP_lab_2" */;
			compatibilityVersion = "Xcode 8.0";
			developmentRegion = en;
			hasScannedForEncodings = 0;
			knownRegions = (
				en,
			);
			mainGroup = 7598EBFD207E0E0A004B59F5;
			productRefGroup = 7598EC07207E0E0A004B59F5 /* Products */;
			projectDirPath = "";
			projectRoot = "";
			targets = (
				7598EC05207E0E0A004B59F5 /* OOP_lab_2 */,
			);
		};
/* End PBXProject section */

/* Begin PBXSourcesBuildPhase section */
		7598EC02207E0E0A004B59F5 /* Sources */ = {
			isa = PBXSourcesBuildPhase;
			buildActionMask = 2147483647;
			files = (
				7598EC0A207E0E0A004B59F5 /* main.cpp in Sources */,
			);
			runOnlyForDeploymentPostprocessing = 0;
		};
/* End PBXSourcesBuildPhase section */

/* Begin XCBuildConfiguration section */
		7598EC0B207E0E0A004B59F5 /* Debug */ = {
			isa = XCBuildConfiguration;
			buildSettings = {
				ALWAYS_SEARCH_USER_PATHS = NO;
				CLANG_ANALYZER_NONNULL = YES;
				CLANG_ANALYZER_NUMBER_OBJECT_CONVERSION = YES_AGGRESSIVE;
				CLANG_CXX_LANGUAGE_STANDARD = "gnu++14";
				CLANG_CXX_LIBRARY = "libc++";
				CLANG_ENABLE_MODULES = YES;
				CLANG_ENABLE_OBJC_ARC = YES;
				CLANG_WARN_BLOCK_CAPTURE_AUTORELEASING = YES;
				CLANG_WARN_BOOL_CONVERSION = YES;
				CLANG_WARN_COMMA = YES;
				CLANG_WARN_CONSTANT_CONVERSION = YES;
				CLANG_WARN_DIRECT_OBJC_ISA_USAGE = YES_ERROR;
				CLANG_WARN_DOCUMENTATION_COMMENTS = YES;
				CLANG_WARN_EMPTY_BODY = YES;
				CLANG_WARN_ENUM_CONVERSION = YES;
				CLANG_WARN_INFINITE_RECURSION = YES;
				CLANG_WARN_INT_CONVERSION = YES;
				CLANG_WARN_NON_LITERAL_NULL_CONVERSION = YES;
				CLANG_WARN_OBJC_LITERAL_CONVERSION = YES;
				CLANG_WARN_OBJC_ROOT_CLASS = YES_ERROR;
				CLANG_WARN_RANGE_LOOP_ANALYSIS = YES;
				CLANG_WARN_STRICT_PROTOTYPES = YES;
				CLANG_WARN_SUSPICIOUS_MOVE = YES;
				CLANG_WARN_UNGUARDED_AVAILABILITY = YES_AGGRESSIVE;
				CLANG_WARN_UNREACHABLE_CODE = YES;
				CLANG_WARN__DUPLICATE_METHOD_MATCH = YES;
				CODE_SIGN_IDENTITY = "-";
				COPY_PHASE_STRIP = NO;
				DEBUG_INFORMATION_FORMAT = dwarf;
				ENABLE_STRICT_OBJC_MSGSEND = YES;
				ENABLE_TESTABILITY = YES;
				GCC_C_LANGUAGE_STANDARD = gnu11;
				GCC_DYNAMIC_NO_PIC = NO;
				GCC_NO_COMMON_BLOCKS = YES;
				GCC_OPTIMIZATION_LEVEL = 0;
				GCC_PREPROCESSOR_DEFINITIONS = (
					"DEBUG=1",
					"$(inherited)",
				);
				GCC_WARN_64_TO_32_BIT_CONVERSION = YES;
				GCC_WARN_ABOUT_RETURN_TYPE = YES_ERROR;
				GCC_WARN_UNDECLARED_SELECTOR = YES;
				GCC_WARN_UNINITIALIZED_AUTOS = YES_AGGRESSIVE;
				GCC_WARN_UNUSED_FUNCTION = YES;
				GCC_WARN_UNUSED_VARIABLE = YES;
				MACOSX_DEPLOYMENT_TARGET = 10.13;
				MTL_ENABLE_DEBUG_INFO = YES;
				ONLY_ACTIVE_ARCH = YES;
				SDKROOT = macosx;
			};
			name = Debug;
		};
		7598EC0C207E0E0A004B59F5 /* Release */ = {
			isa = XCBuildConfiguration;
			buildSettings = {
				ALWAYS_SEARCH_USER_PATHS = NO;
				CLANG_ANALYZER_NONNULL = YES;
				CLANG_ANALYZER_NUMBER_OBJECT_CONVERSION = YES_AGGRESSIVE;
				CLANG_CXX_LANGUAGE_STANDARD = "gnu++14";
				CLANG_CXX_LIBRARY = "libc++";
				CLANG_ENABLE_MODULES = YES;
				CLANG_ENABLE_OBJC_ARC = YES;
				CLANG_WARN_BLOCK_CAPTURE_AUTORELEASING = YES;
				CLANG_WARN_BOOL_CONVERSION = YES;
				CLANG_WARN_COMMA = YES;
				CLANG_WARN_CONSTANT_CONVERSION = YES;
				CLANG_WARN_DIRECT_OBJC_ISA_USAGE = YES_ERROR;
				CLANG_WARN_DOCUMENTATION_COMMENTS = YES;
				CLANG_WARN_EMPTY_BODY = YES;
				CLANG_WARN_ENUM_CONVERSION = YES;
				CLANG_WARN_INFINITE_RECURSION = YES;
				CLANG_WARN_INT_CONVERSION = YES;
				CLANG_WARN_NON_LITERAL_NULL_CONVERSION = YES;
				CLANG_WARN_OBJC_LITERAL_CONVERSION = YES;
				CLANG_WARN_OBJC_ROOT_CLASS = YES_ERROR;
				CLANG_WARN_RANGE_LOOP_ANALYSIS = YES;
				CLANG_WARN_STRICT_PROTOTYPES = YES;
				CLANG_WARN_SUSPICIOUS_MOVE = YES;
				CLANG_WARN_UNGUARDED_AVAILABILITY = YES_AGGRESSIVE;
				CLANG_WARN_UNREACHABLE_CODE = YES;
				CLANG_WARN__DUPLICATE_METHOD_MATCH = YES;
				CODE_SIGN_IDENTITY = "-";
				COPY_PHASE_STRIP = NO;
				DEBUG_INFORMATION_FORMAT = "dwarf-with-dsym";
				ENABLE_NS_ASSERTIONS = NO;
				ENABLE_STRICT_OBJC_MSGSEND = YES;
				GCC_C_LANGUAGE_STANDARD = gnu11;
				GCC_NO_COMMON_BLOCKS = YES;
				GCC_WARN_64_TO_32_BIT_CONVERSION = YES;
				GCC_WARN_ABOUT_RETURN_TYPE = YES_ERROR;
				GCC_WARN_UNDECLARED_SELECTOR = YES;
				GCC_WARN_UNINITIALIZED_AUTOS = YES_AGGRESSIVE;
				GCC_WARN_UNUSED_FUNCTION = YES;
				GCC_WARN_UNUSED_VARIABLE = YES;
				MACOSX_DEPLOYMENT_TARGET = 10.13;
				MTL_ENABLE_DEBUG_INFO = NO;
				SDKROOT = macosx;
			};
			name = Release;
		};
		7598EC0E207E0E0A004B59F5 /* Debug */ = {
			isa = XCBuildConfiguration;
			buildSettings = {
				CODE_SIGN_STYLE = Automatic;
				PRODUCT_NAME = "$(TARGET_NAME)";
			};
			name = Debug;
		};
		7598EC0F207E0E0A004B59F5 /* Release */ = {
			isa = XCBuildConfiguration;
			buildSettings = {
				CODE_SIGN_STYLE = Automatic;
				PRODUCT_NAME = "$(TARGET_NAME)";
			};
			name = Release;
		};
/* End XCBuildConfiguration section */

/* Begin XCConfigurationList section */
		7598EC01207E0E0A004B59F5 /* Build configuration list for PBXProject "OOP_lab_2" */ = {
			isa = XCConfigurationList;
			buildConfigurations = (
				7598EC0B207E0E0A004B59F5 /* Debug */,
				7598EC0C207E0E0A004B59F5 /* Release */,
			);
			defaultConfigurationIsVisible = 0;
			defaultConfigurationName = Release;
		};
		7598EC0D207E0E0A004B59F5 /* Build configuration list for PBXNativeTarget "OOP_lab_2" */ = {
			isa = XCConfigurationList;
			buildConfigurations = (
				7598EC0E207E0E0A004B59F5 /* Debug */,
				7598EC0F207E0E0A004B59F5 /* Release */,
			);
			defaultConfigurationIsVisible = 0;
			defaultConfigurationName = Release;
		};
/* End XCConfigurationList section */
	};
	rootObject = 7598EBFE207E0E0A004B59F5 /* Project object */;
}
